
Microsoft Visual Studio Solution File, Format Version 12.00
# Visual Studio 15
VisualStudioVersion = 15.0.27130.2027
MinimumVisualStudioVersion = 10.0.40219.1
Project("{FAE04EC0-301F-11D3-BF4B-00C04F79EFBC}") = "Orgit", "Orgit\Orgit.csproj", "{67956DA4-17C8-49FC-BA6F-10807FFC5302}"
EndProject
Global
	GlobalSection(SolutionConfigurationPlatforms) = preSolution
		Debug|Any CPU = Debug|Any CPU
		Release|Any CPU = Release|Any CPU
	EndGlobalSection
	GlobalSection(ProjectConfigurationPlatforms) = postSolution
		{67956DA4-17C8-49FC-BA6F-10807FFC5302}.Debug|Any CPU.ActiveCfg = Debug|Any CPU
		{67956DA4-17C8-49FC-BA6F-10807FFC5302}.Debug|Any CPU.Build.0 = Debug|Any CPU
		{67956DA4-17C8-49FC-BA6F-10807FFC5302}.Release|Any CPU.ActiveCfg = Release|Any CPU
		{67956DA4-17C8-49FC-BA6F-10807FFC5302}.Release|Any CPU.Build.0 = Release|Any CPU
	EndGlobalSection
	GlobalSection(SolutionProperties) = preSolution
		HideSolutionNode = FALSE
	EndGlobalSection
	GlobalSection(ExtensibilityGlobals) = postSolution
		SolutionGuid = {91A50C60-CABD-4B75-9377-524C89B7A5DE}
	EndGlobalSection
EndGlobal
